
Microsoft Visual Studio Solution File, Format Version 12.00
# Visual Studio 2012
Project("{8BC9CEB8-8B4A-11D0-8D11-00A0C91BC942}") = "P3DTest", "P3D_Test\P3D_Test.vcxproj", "{9E7E2435-EBBF-43D6-8679-82112C34D58C}"
	ProjectSection(ProjectDependencies) = postProject
		{5121D710-C383-4BD3-A5AD-F0A0DF556F85} = {5121D710-C383-4BD3-A5AD-F0A0DF556F85}
		{06F2DAD8-ACD6-47B4-B986-62CF17C82759} = {06F2DAD8-ACD6-47B4-B986-62CF17C82759}
		{BE2ED2DD-1421-436A-9803-163E16691CEC} = {BE2ED2DD-1421-436A-9803-163E16691CEC}
	EndProjectSection
EndProject
Project("{8BC9CEB8-8B4A-11D0-8D11-00A0C91BC942}") = "P3DFilt", "P3D_Filt\P3D_Filt.vcxproj", "{5121D710-C383-4BD3-A5AD-F0A0DF556F85}"
EndProject
Project("{8BC9CEB8-8B4A-11D0-8D11-00A0C91BC942}") = "P3DBlob", "P3D_Blob\P3D_Blob.vcxproj", "{BE2ED2DD-1421-436A-9803-163E16691CEC}"
EndProject
Project("{8BC9CEB8-8B4A-11D0-8D11-00A0C91BC942}") = "P3DSkel", "P3D_Skel\P3D_Skel.vcxproj", "{06F2DAD8-ACD6-47B4-B986-62CF17C82759}"
	ProjectSection(ProjectDependencies) = postProject
		{BBDB96F1-D917-428E-AAA3-B394D16FAB16} = {BBDB96F1-D917-428E-AAA3-B394D16FAB16}
	EndProjectSection
EndProject
Project("{8BC9CEB8-8B4A-11D0-8D11-00A0C91BC942}") = "P3DGraph", "P3D_Graph\P3D_Graph.vcxproj", "{BBDB96F1-D917-428E-AAA3-B394D16FAB16}"
EndProject
Project("{8BC9CEB8-8B4A-11D0-8D11-00A0C91BC942}") = "P3DBlob_IDL", "P3D_Blob_IDL\P3D_Blob_IDL.vcxproj", "{563C477F-889A-44E7-A746-F033BF2B567F}"
	ProjectSection(ProjectDependencies) = postProject
		{BE2ED2DD-1421-436A-9803-163E16691CEC} = {BE2ED2DD-1421-436A-9803-163E16691CEC}
	EndProjectSection
EndProject
Project("{8BC9CEB8-8B4A-11D0-8D11-00A0C91BC942}") = "P3DFilt_IDL", "P3D_Filt_IDL\P3D_Filt_IDL.vcxproj", "{84B5072B-7FAC-47A2-88C0-B0A105E6DD5C}"
	ProjectSection(ProjectDependencies) = postProject
		{5121D710-C383-4BD3-A5AD-F0A0DF556F85} = {5121D710-C383-4BD3-A5AD-F0A0DF556F85}
	EndProjectSection
EndProject
Project("{8BC9CEB8-8B4A-11D0-8D11-00A0C91BC942}") = "P3DSkel_IDL", "P3D_Skel_IDL\P3D_Skel_IDL.vcxproj", "{6EF81177-F0A2-43E8-9A48-6A5039D07C0C}"
	ProjectSection(ProjectDependencies) = postProject
		{06F2DAD8-ACD6-47B4-B986-62CF17C82759} = {06F2DAD8-ACD6-47B4-B986-62CF17C82759}
	EndProjectSection
EndProject
Global
	GlobalSection(SolutionConfigurationPlatforms) = preSolution
		Debug|Win32 = Debug|Win32
		Debug|x64 = Debug|x64
		Release|Win32 = Release|Win32
		Release|x64 = Release|x64
	EndGlobalSection
	GlobalSection(ProjectConfigurationPlatforms) = postSolution
		{9E7E2435-EBBF-43D6-8679-82112C34D58C}.Debug|Win32.ActiveCfg = Debug|Win32
		{9E7E2435-EBBF-43D6-8679-82112C34D58C}.Debug|Win32.Build.0 = Debug|Win32
		{9E7E2435-EBBF-43D6-8679-82112C34D58C}.Debug|x64.ActiveCfg = Debug|x64
		{9E7E2435-EBBF-43D6-8679-82112C34D58C}.Debug|x64.Build.0 = Debug|x64
		{9E7E2435-EBBF-43D6-8679-82112C34D58C}.Release|Win32.ActiveCfg = Release|Win32
		{9E7E2435-EBBF-43D6-8679-82112C34D58C}.Release|Win32.Build.0 = Release|Win32
		{9E7E2435-EBBF-43D6-8679-82112C34D58C}.Release|x64.ActiveCfg = Release|x64
		{5121D710-C383-4BD3-A5AD-F0A0DF556F85}.Debug|Win32.ActiveCfg = Debug|Win32
		{5121D710-C383-4BD3-A5AD-F0A0DF556F85}.Debug|Win32.Build.0 = Debug|Win32
		{5121D710-C383-4BD3-A5AD-F0A0DF556F85}.Debug|x64.ActiveCfg = Debug|x64
		{5121D710-C383-4BD3-A5AD-F0A0DF556F85}.Debug|x64.Build.0 = Debug|x64
		{5121D710-C383-4BD3-A5AD-F0A0DF556F85}.Release|Win32.ActiveCfg = Release|Win32
		{5121D710-C383-4BD3-A5AD-F0A0DF556F85}.Release|Win32.Build.0 = Release|Win32
		{5121D710-C383-4BD3-A5AD-F0A0DF556F85}.Release|x64.ActiveCfg = Release|x64
		{5121D710-C383-4BD3-A5AD-F0A0DF556F85}.Release|x64.Build.0 = Release|x64
		{BE2ED2DD-1421-436A-9803-163E16691CEC}.Debug|Win32.ActiveCfg = Debug|Win32
		{BE2ED2DD-1421-436A-9803-163E16691CEC}.Debug|Win32.Build.0 = Debug|Win32
		{BE2ED2DD-1421-436A-9803-163E16691CEC}.Debug|x64.ActiveCfg = Debug|x64
		{BE2ED2DD-1421-436A-9803-163E16691CEC}.Debug|x64.Build.0 = Debug|x64
		{BE2ED2DD-1421-436A-9803-163E16691CEC}.Release|Win32.ActiveCfg = Release|Win32
		{BE2ED2DD-1421-436A-9803-163E16691CEC}.Release|Win32.Build.0 = Release|Win32
		{BE2ED2DD-1421-436A-9803-163E16691CEC}.Release|x64.ActiveCfg = Release|x64
		{BE2ED2DD-1421-436A-9803-163E16691CEC}.Release|x64.Build.0 = Release|x64
		{06F2DAD8-ACD6-47B4-B986-62CF17C82759}.Debug|Win32.ActiveCfg = Debug|Win32
		{06F2DAD8-ACD6-47B4-B986-62CF17C82759}.Debug|Win32.Build.0 = Debug|Win32
		{06F2DAD8-ACD6-47B4-B986-62CF17C82759}.Debug|x64.ActiveCfg = Debug|x64
		{06F2DAD8-ACD6-47B4-B986-62CF17C82759}.Debug|x64.Build.0 = Debug|x64
		{06F2DAD8-ACD6-47B4-B986-62CF17C82759}.Release|Win32.ActiveCfg = Release|Win32
		{06F2DAD8-ACD6-47B4-B986-62CF17C82759}.Release|Win32.Build.0 = Release|Win32
		{06F2DAD8-ACD6-47B4-B986-62CF17C82759}.Release|x64.ActiveCfg = Release|x64
		{06F2DAD8-ACD6-47B4-B986-62CF17C82759}.Release|x64.Build.0 = Release|x64
		{BBDB96F1-D917-428E-AAA3-B394D16FAB16}.Debug|Win32.ActiveCfg = Debug|Win32
		{BBDB96F1-D917-428E-AAA3-B394D16FAB16}.Debug|Win32.Build.0 = Debug|Win32
		{BBDB96F1-D917-428E-AAA3-B394D16FAB16}.Debug|x64.ActiveCfg = Debug|x64
		{BBDB96F1-D917-428E-AAA3-B394D16FAB16}.Debug|x64.Build.0 = Debug|x64
		{BBDB96F1-D917-428E-AAA3-B394D16FAB16}.Release|Win32.ActiveCfg = Release|Win32
		{BBDB96F1-D917-428E-AAA3-B394D16FAB16}.Release|Win32.Build.0 = Release|Win32
		{BBDB96F1-D917-428E-AAA3-B394D16FAB16}.Release|x64.ActiveCfg = Release|x64
		{BBDB96F1-D917-428E-AAA3-B394D16FAB16}.Release|x64.Build.0 = Release|x64
		{563C477F-889A-44E7-A746-F033BF2B567F}.Debug|Win32.ActiveCfg = Debug|Win32
		{563C477F-889A-44E7-A746-F033BF2B567F}.Debug|Win32.Build.0 = Debug|Win32
		{563C477F-889A-44E7-A746-F033BF2B567F}.Debug|x64.ActiveCfg = Debug|x64
		{563C477F-889A-44E7-A746-F033BF2B567F}.Debug|x64.Build.0 = Debug|x64
		{563C477F-889A-44E7-A746-F033BF2B567F}.Release|Win32.ActiveCfg = Release|Win32
		{563C477F-889A-44E7-A746-F033BF2B567F}.Release|Win32.Build.0 = Release|Win32
		{563C477F-889A-44E7-A746-F033BF2B567F}.Release|x64.ActiveCfg = Release|x64
		{563C477F-889A-44E7-A746-F033BF2B567F}.Release|x64.Build.0 = Release|x64
		{84B5072B-7FAC-47A2-88C0-B0A105E6DD5C}.Debug|Win32.ActiveCfg = Debug|Win32
		{84B5072B-7FAC-47A2-88C0-B0A105E6DD5C}.Debug|Win32.Build.0 = Debug|Win32
		{84B5072B-7FAC-47A2-88C0-B0A105E6DD5C}.Debug|x64.ActiveCfg = Debug|x64
		{84B5072B-7FAC-47A2-88C0-B0A105E6DD5C}.Debug|x64.Build.0 = Debug|x64
		{84B5072B-7FAC-47A2-88C0-B0A105E6DD5C}.Release|Win32.ActiveCfg = Release|Win32
		{84B5072B-7FAC-47A2-88C0-B0A105E6DD5C}.Release|Win32.Build.0 = Release|Win32
		{84B5072B-7FAC-47A2-88C0-B0A105E6DD5C}.Release|x64.ActiveCfg = Release|x64
		{84B5072B-7FAC-47A2-88C0-B0A105E6DD5C}.Release|x64.Build.0 = Release|x64
		{6EF81177-F0A2-43E8-9A48-6A5039D07C0C}.Debug|Win32.ActiveCfg = Debug|Win32
		{6EF81177-F0A2-43E8-9A48-6A5039D07C0C}.Debug|Win32.Build.0 = Debug|Win32
		{6EF81177-F0A2-43E8-9A48-6A5039D07C0C}.Debug|x64.ActiveCfg = Debug|x64
		{6EF81177-F0A2-43E8-9A48-6A5039D07C0C}.Debug|x64.Build.0 = Debug|x64
		{6EF81177-F0A2-43E8-9A48-6A5039D07C0C}.Release|Win32.ActiveCfg = Release|Win32
		{6EF81177-F0A2-43E8-9A48-6A5039D07C0C}.Release|Win32.Build.0 = Release|Win32
		{6EF81177-F0A2-43E8-9A48-6A5039D07C0C}.Release|x64.ActiveCfg = Release|x64
		{6EF81177-F0A2-43E8-9A48-6A5039D07C0C}.Release|x64.Build.0 = Release|x64
	EndGlobalSection
	GlobalSection(SolutionProperties) = preSolution
		HideSolutionNode = FALSE
	EndGlobalSection
EndGlobal
