<?xml version="1.0" encoding="utf-8"?>
<Project ToolsVersion="4.0" xmlns="http://schemas.microsoft.com/developer/msbuild/2003">
  <ItemGroup>
    <Filter Include="Source Files">
      <UniqueIdentifier>{4FC737F1-C7A5-4376-A066-2A32D752A2FF}</UniqueIdentifier>
      <Extensions>cpp;c;cc;cxx;def;odl;idl;hpj;bat;asm;asmx</Extensions>
    </Filter>
    <Filter Include="Header Files">
      <UniqueIdentifier>{93995380-89BD-4b04-88EB-625FBE52EBFB}</UniqueIdentifier>
      <Extensions>h;hpp;hxx;hm;inl;inc;xsd</Extensions>
    </Filter>
    <Filter Include="Resource Files">
      <UniqueIdentifier>{67DA6AB6-F800-4c08-8B7A-83BB121AAD01}</UniqueIdentifier>
      <Extensions>rc;ico;cur;bmp;dlg;rc2;rct;bin;rgs;gif;jpg;jpeg;jpe;resx;tiff;tif;png;wav;mfcribbon-ms</Extensions>
    </Filter>
  </ItemGroup>
  <ItemGroup>
    <ClCompile Include="_p3d_idlCommon.c">
      <Filter>Source Files</Filter>
    </ClCompile>
    <ClCompile Include="p3d_idlAdapter.c">
      <Filter>Source Files</Filter>
    </ClCompile>
    <ClCompile Include="p3d_idlAnisotropyAnalysis.c">
      <Filter>Source Files</Filter>
    </ClCompile>
    <ClCompile Include="p3d_idlBasicAnalysis.c">
      <Filter>Source Files</Filter>
    </ClCompile>
    <ClCompile Include="p3d_idlBlobAnalysis.c">
      <Filter>Source Files</Filter>
    </ClCompile>
    <ClCompile Include="p3d_idlBlobLabeling.c">
      <Filter>Source Files</Filter>
    </ClCompile>
    <ClCompile Include="p3d_idlChamferDT.c">
      <Filter>Source Files</Filter>
    </ClCompile>
    <ClCompile Include="p3d_idlGetMaxVolumeBlob.c">
      <Filter>Source Files</Filter>
    </ClCompile>
    <ClCompile Include="p3d_idlGetMinVolumeBlob.c">
      <Filter>Source Files</Filter>
    </ClCompile>
    <ClCompile Include="p3d_idlMinVolumeFilter.c">
      <Filter>Source Files</Filter>
    </ClCompile>
    <ClCompile Include="p3d_idlMorphometricAnalysis.c">
      <Filter>Source Files</Filter>
    </ClCompile>
    <ClCompile Include="p3d_idlREVEstimation.c">
      <Filter>Source Files</Filter>
    </ClCompile>
    <ClCompile Include="p3d_idlTextureAnalysis.c">
      <Filter>Source Files</Filter>
    </ClCompile>
  </ItemGroup>
  <ItemGroup>
    <ClInclude Include="_p3d_idlCommon.h">
      <Filter>Header Files</Filter>
    </ClInclude>
    <ClInclude Include="p3d_idlAdapter.h">
      <Filter>Header Files</Filter>
    </ClInclude>
  </ItemGroup>
  <ItemGroup>
    <None Include="P3D_Blob_IDL.dlm">
      <Filter>Resource Files</Filter>
    </None>
    <None Include="p3dBlob_IDL.def">
      <Filter>Resource Files</Filter>
    </None>
  </ItemGroup>
</Project>